// !$*UTF8*$!
{
	archiveVersion = 1;
	classes = {
	};
	objectVersion = 56;
	objects = {

/* Begin PBXBuildFile section */
		365ED93E2C9BFEC100568CDE /* InfoView.swift in Sources */ = {isa = PBXBuildFile; fileRef = 365ED93D2C9BFEC100568CDE /* InfoView.swift */; };
		368AC2022C9AC49B005287A6 /* RobCard_iOSApp.swift in Sources */ = {isa = PBXBuildFile; fileRef = 368AC2012C9AC49B005287A6 /* RobCard_iOSApp.swift */; };
		368AC2042C9AC49B005287A6 /* ContentView.swift in Sources */ = {isa = PBXBuildFile; fileRef = 368AC2032C9AC49B005287A6 /* ContentView.swift */; };
		368AC2062C9AC49E005287A6 /* Assets.xcassets in Resources */ = {isa = PBXBuildFile; fileRef = 368AC2052C9AC49E005287A6 /* Assets.xcassets */; };
		368AC2092C9AC49E005287A6 /* Preview Assets.xcassets in Resources */ = {isa = PBXBuildFile; fileRef = 368AC2082C9AC49E005287A6 /* Preview Assets.xcassets */; };
		368AC2132C9AC49E005287A6 /* RobCard_iOSTests.swift in Sources */ = {isa = PBXBuildFile; fileRef = 368AC2122C9AC49E005287A6 /* RobCard_iOSTests.swift */; };
		368AC21D2C9AC49E005287A6 /* RobCard_iOSUITests.swift in Sources */ = {isa = PBXBuildFile; fileRef = 368AC21C2C9AC49E005287A6 /* RobCard_iOSUITests.swift */; };
		368AC21F2C9AC49E005287A6 /* RobCard_iOSUITestsLaunchTests.swift in Sources */ = {isa = PBXBuildFile; fileRef = 368AC21E2C9AC49E005287A6 /* RobCard_iOSUITestsLaunchTests.swift */; };
		368AC22E2C9AC9BA005287A6 /* Roboto-Regular.ttf in Resources */ = {isa = PBXBuildFile; fileRef = 368AC22D2C9AC9BA005287A6 /* Roboto-Regular.ttf */; };
		368AC2302C9ACA2C005287A6 /* LaunchScreen.storyboard in Resources */ = {isa = PBXBuildFile; fileRef = 368AC22F2C9ACA2C005287A6 /* LaunchScreen.storyboard */; };
		368AC2322C9ACAC7005287A6 /* Roboto-Bold.ttf in Resources */ = {isa = PBXBuildFile; fileRef = 368AC2312C9ACAC7005287A6 /* Roboto-Bold.ttf */; };
/* End PBXBuildFile section */

/* Begin PBXContainerItemProxy section */
		368AC20F2C9AC49E005287A6 /* PBXContainerItemProxy */ = {
			isa = PBXContainerItemProxy;
			containerPortal = 368AC1F62C9AC49B005287A6 /* Project object */;
			proxyType = 1;
			remoteGlobalIDString = 368AC1FD2C9AC49B005287A6;
			remoteInfo = "RobCard-iOS";
		};
		368AC2192C9AC49E005287A6 /* PBXContainerItemProxy */ = {
			isa = PBXContainerItemProxy;
			containerPortal = 368AC1F62C9AC49B005287A6 /* Project object */;
			proxyType = 1;
			remoteGlobalIDString = 368AC1FD2C9AC49B005287A6;
			remoteInfo = "RobCard-iOS";
		};
/* End PBXContainerItemProxy section */

/* Begin PBXFileReference section */
		360901822C9AF7EF00990F30 /* Info.plist */ = {isa = PBXFileReference; lastKnownFileType = text.plist; path = Info.plist; sourceTree = "<group>"; };
		365ED93D2C9BFEC100568CDE /* InfoView.swift */ = {isa = PBXFileReference; lastKnownFileType = sourcecode.swift; path = InfoView.swift; sourceTree = "<group>"; };
		368AC1FE2C9AC49B005287A6 /* RobCard-iOS.app */ = {isa = PBXFileReference; explicitFileType = wrapper.application; includeInIndex = 0; path = "RobCard-iOS.app"; sourceTree = BUILT_PRODUCTS_DIR; };
		368AC2012C9AC49B005287A6 /* RobCard_iOSApp.swift */ = {isa = PBXFileReference; lastKnownFileType = sourcecode.swift; path = RobCard_iOSApp.swift; sourceTree = "<group>"; };
		368AC2032C9AC49B005287A6 /* ContentView.swift */ = {isa = PBXFileReference; lastKnownFileType = sourcecode.swift; path = ContentView.swift; sourceTree = "<group>"; };
		368AC2052C9AC49E005287A6 /* Assets.xcassets */ = {isa = PBXFileReference; lastKnownFileType = folder.assetcatalog; path = Assets.xcassets; sourceTree = "<group>"; };
		368AC2082C9AC49E005287A6 /* Preview Assets.xcassets */ = {isa = PBXFileReference; lastKnownFileType = folder.assetcatalog; path = "Preview Assets.xcassets"; sourceTree = "<group>"; };
		368AC20E2C9AC49E005287A6 /* RobCard-iOSTests.xctest */ = {isa = PBXFileReference; explicitFileType = wrapper.cfbundle; includeInIndex = 0; path = "RobCard-iOSTests.xctest"; sourceTree = BUILT_PRODUCTS_DIR; };
		368AC2122C9AC49E005287A6 /* RobCard_iOSTests.swift */ = {isa = PBXFileReference; lastKnownFileType = sourcecode.swift; path = RobCard_iOSTests.swift; sourceTree = "<group>"; };
		368AC2182C9AC49E005287A6 /* RobCard-iOSUITests.xctest */ = {isa = PBXFileReference; explicitFileType = wrapper.cfbundle; includeInIndex = 0; path = "RobCard-iOSUITests.xctest"; sourceTree = BUILT_PRODUCTS_DIR; };
		368AC21C2C9AC49E005287A6 /* RobCard_iOSUITests.swift */ = {isa = PBXFileReference; lastKnownFileType = sourcecode.swift; path = RobCard_iOSUITests.swift; sourceTree = "<group>"; };
		368AC21E2C9AC49E005287A6 /* RobCard_iOSUITestsLaunchTests.swift */ = {isa = PBXFileReference; lastKnownFileType = sourcecode.swift; path = RobCard_iOSUITestsLaunchTests.swift; sourceTree = "<group>"; };
		368AC22D2C9AC9BA005287A6 /* Roboto-Regular.ttf */ = {isa = PBXFileReference; lastKnownFileType = file; path = "Roboto-Regular.ttf"; sourceTree = "<group>"; };
		368AC22F2C9ACA2C005287A6 /* LaunchScreen.storyboard */ = {isa = PBXFileReference; lastKnownFileType = file.storyboard; path = LaunchScreen.storyboard; sourceTree = "<group>"; };
		368AC2312C9ACAC7005287A6 /* Roboto-Bold.ttf */ = {isa = PBXFileReference; lastKnownFileType = file; path = "Roboto-Bold.ttf"; sourceTree = "<group>"; };
/* End PBXFileReference section */

/* Begin PBXFrameworksBuildPhase section */
		368AC1FB2C9AC49B005287A6 /* Frameworks */ = {
			isa = PBXFrameworksBuildPhase;
			buildActionMask = 2147483647;
			files = (
			);
			runOnlyForDeploymentPostprocessing = 0;
		};
		368AC20B2C9AC49E005287A6 /* Frameworks */ = {
			isa = PBXFrameworksBuildPhase;
			buildActionMask = 2147483647;
			files = (
			);
			runOnlyForDeploymentPostprocessing = 0;
		};
		368AC2152C9AC49E005287A6 /* Frameworks */ = {
			isa = PBXFrameworksBuildPhase;
			buildActionMask = 2147483647;
			files = (
			);
			runOnlyForDeploymentPostprocessing = 0;
		};
/* End PBXFrameworksBuildPhase section */

/* Begin PBXGroup section */
		368AC1F52C9AC49B005287A6 = {
			isa = PBXGroup;
			children = (
				368AC2002C9AC49B005287A6 /* RobCard-iOS */,
				368AC2112C9AC49E005287A6 /* RobCard-iOSTests */,
				368AC21B2C9AC49E005287A6 /* RobCard-iOSUITests */,
				368AC1FF2C9AC49B005287A6 /* Products */,
			);
			sourceTree = "<group>";
		};
		368AC1FF2C9AC49B005287A6 /* Products */ = {
			isa = PBXGroup;
			children = (
				368AC1FE2C9AC49B005287A6 /* RobCard-iOS.app */,
				368AC20E2C9AC49E005287A6 /* RobCard-iOSTests.xctest */,
				368AC2182C9AC49E005287A6 /* RobCard-iOSUITests.xctest */,
			);
			name = Products;
			sourceTree = "<group>";
		};
		368AC2002C9AC49B005287A6 /* RobCard-iOS */ = {
			isa = PBXGroup;
			children = (
				360901822C9AF7EF00990F30 /* Info.plist */,
				368AC22C2C9AC822005287A6 /* fonts */,
				368AC2012C9AC49B005287A6 /* RobCard_iOSApp.swift */,
				368AC2032C9AC49B005287A6 /* ContentView.swift */,
				368AC2052C9AC49E005287A6 /* Assets.xcassets */,
				368AC2072C9AC49E005287A6 /* Preview Content */,
				368AC22F2C9ACA2C005287A6 /* LaunchScreen.storyboard */,
				365ED93D2C9BFEC100568CDE /* InfoView.swift */,
			);
			path = "RobCard-iOS";
			sourceTree = "<group>";
		};
		368AC2072C9AC49E005287A6 /* Preview Content */ = {
			isa = PBXGroup;
			children = (
				368AC2082C9AC49E005287A6 /* Preview Assets.xcassets */,
			);
			path = "Preview Content";
			sourceTree = "<group>";
		};
		368AC2112C9AC49E005287A6 /* RobCard-iOSTests */ = {
			isa = PBXGroup;
			children = (
				368AC2122C9AC49E005287A6 /* RobCard_iOSTests.swift */,
			);
			path = "RobCard-iOSTests";
			sourceTree = "<group>";
		};
		368AC21B2C9AC49E005287A6 /* RobCard-iOSUITests */ = {
			isa = PBXGroup;
			children = (
				368AC21C2C9AC49E005287A6 /* RobCard_iOSUITests.swift */,
				368AC21E2C9AC49E005287A6 /* RobCard_iOSUITestsLaunchTests.swift */,
			);
			path = "RobCard-iOSUITests";
			sourceTree = "<group>";
		};
		368AC22C2C9AC822005287A6 /* fonts */ = {
			isa = PBXGroup;
			children = (
				368AC2312C9ACAC7005287A6 /* Roboto-Bold.ttf */,
				368AC22D2C9AC9BA005287A6 /* Roboto-Regular.ttf */,
			);
			path = fonts;
			sourceTree = "<group>";
		};
/* End PBXGroup section */

/* Begin PBXNativeTarget section */
		368AC1FD2C9AC49B005287A6 /* RobCard-iOS */ = {
			isa = PBXNativeTarget;
			buildConfigurationList = 368AC2222C9AC49E005287A6 /* Build configuration list for PBXNativeTarget "RobCard-iOS" */;
			buildPhases = (
				368AC1FA2C9AC49B005287A6 /* Sources */,
				368AC1FB2C9AC49B005287A6 /* Frameworks */,
				368AC1FC2C9AC49B005287A6 /* Resources */,
			);
			buildRules = (
			);
			dependencies = (
			);
			name = "RobCard-iOS";
			productName = "RobCard-iOS";
			productReference = 368AC1FE2C9AC49B005287A6 /* RobCard-iOS.app */;
			productType = "com.apple.product-type.application";
		};
		368AC20D2C9AC49E005287A6 /* RobCard-iOSTests */ = {
			isa = PBXNativeTarget;
			buildConfigurationList = 368AC2252C9AC49E005287A6 /* Build configuration list for PBXNativeTarget "RobCard-iOSTests" */;
			buildPhases = (
				368AC20A2C9AC49E005287A6 /* Sources */,
				368AC20B2C9AC49E005287A6 /* Frameworks */,
				368AC20C2C9AC49E005287A6 /* Resources */,
			);
			buildRules = (
			);
			dependencies = (
				368AC2102C9AC49E005287A6 /* PBXTargetDependency */,
			);
			name = "RobCard-iOSTests";
			productName = "RobCard-iOSTests";
			productReference = 368AC20E2C9AC49E005287A6 /* RobCard-iOSTests.xctest */;
			productType = "com.apple.product-type.bundle.unit-test";
		};
		368AC2172C9AC49E005287A6 /* RobCard-iOSUITests */ = {
			isa = PBXNativeTarget;
			buildConfigurationList = 368AC2282C9AC49E005287A6 /* Build configuration list for PBXNativeTarget "RobCard-iOSUITests" */;
			buildPhases = (
				368AC2142C9AC49E005287A6 /* Sources */,
				368AC2152C9AC49E005287A6 /* Frameworks */,
				368AC2162C9AC49E005287A6 /* Resources */,
			);
			buildRules = (
			);
			dependencies = (
				368AC21A2C9AC49E005287A6 /* PBXTargetDependency */,
			);
			name = "RobCard-iOSUITests";
			productName = "RobCard-iOSUITests";
			productReference = 368AC2182C9AC49E005287A6 /* RobCard-iOSUITests.xctest */;
			productType = "com.apple.product-type.bundle.ui-testing";
		};
/* End PBXNativeTarget section */

/* Begin PBXProject section */
		368AC1F62C9AC49B005287A6 /* Project object */ = {
			isa = PBXProject;
			attributes = {
				BuildIndependentTargetsInParallel = 1;
				LastSwiftUpdateCheck = 1540;
				LastUpgradeCheck = 1540;
				TargetAttributes = {
					368AC1FD2C9AC49B005287A6 = {
						CreatedOnToolsVersion = 15.4;
					};
					368AC20D2C9AC49E005287A6 = {
						CreatedOnToolsVersion = 15.4;
						TestTargetID = 368AC1FD2C9AC49B005287A6;
					};
					368AC2172C9AC49E005287A6 = {
						CreatedOnToolsVersion = 15.4;
						TestTargetID = 368AC1FD2C9AC49B005287A6;
					};
				};
			};
			buildConfigurationList = 368AC1F92C9AC49B005287A6 /* Build configuration list for PBXProject "RobCard-iOS" */;
			compatibilityVersion = "Xcode 14.0";
			developmentRegion = en;
			hasScannedForEncodings = 0;
			knownRegions = (
				en,
				Base,
			);
			mainGroup = 368AC1F52C9AC49B005287A6;
			productRefGroup = 368AC1FF2C9AC49B005287A6 /* Products */;
			projectDirPath = "";
			projectRoot = "";
			targets = (
				368AC1FD2C9AC49B005287A6 /* RobCard-iOS */,
				368AC20D2C9AC49E005287A6 /* RobCard-iOSTests */,
				368AC2172C9AC49E005287A6 /* RobCard-iOSUITests */,
			);
		};
/* End PBXProject section */

/* Begin PBXResourcesBuildPhase section */
		368AC1FC2C9AC49B005287A6 /* Resources */ = {
			isa = PBXResourcesBuildPhase;
			buildActionMask = 2147483647;
			files = (
				368AC22E2C9AC9BA005287A6 /* Roboto-Regular.ttf in Resources */,
				368AC2302C9ACA2C005287A6 /* LaunchScreen.storyboard in Resources */,
				368AC2322C9ACAC7005287A6 /* Roboto-Bold.ttf in Resources */,
				368AC2092C9AC49E005287A6 /* Preview Assets.xcassets in Resources */,
				368AC2062C9AC49E005287A6 /* Assets.xcassets in Resources */,
			);
			runOnlyForDeploymentPostprocessing = 0;
		};
		368AC20C2C9AC49E005287A6 /* Resources */ = {
			isa = PBXResourcesBuildPhase;
			buildActionMask = 2147483647;
			files = (
			);
			runOnlyForDeploymentPostprocessing = 0;
		};
		368AC2162C9AC49E005287A6 /* Resources */ = {
			isa = PBXResourcesBuildPhase;
			buildActionMask = 2147483647;
			files = (
			);
			runOnlyForDeploymentPostprocessing = 0;
		};
/* End PBXResourcesBuildPhase section */

/* Begin PBXSourcesBuildPhase section */
		368AC1FA2C9AC49B005287A6 /* Sources */ = {
			isa = PBXSourcesBuildPhase;
			buildActionMask = 2147483647;
			files = (
				368AC2042C9AC49B005287A6 /* ContentView.swift in Sources */,
				365ED93E2C9BFEC100568CDE /* InfoView.swift in Sources */,
				368AC2022C9AC49B005287A6 /* RobCard_iOSApp.swift in Sources */,
			);
			runOnlyForDeploymentPostprocessing = 0;
		};
		368AC20A2C9AC49E005287A6 /* Sources */ = {
			isa = PBXSourcesBuildPhase;
			buildActionMask = 2147483647;
			files = (
				368AC2132C9AC49E005287A6 /* RobCard_iOSTests.swift in Sources */,
			);
			runOnlyForDeploymentPostprocessing = 0;
		};
		368AC2142C9AC49E005287A6 /* Sources */ = {
			isa = PBXSourcesBuildPhase;
			buildActionMask = 2147483647;
			files = (
				368AC21F2C9AC49E005287A6 /* RobCard_iOSUITestsLaunchTests.swift in Sources */,
				368AC21D2C9AC49E005287A6 /* RobCard_iOSUITests.swift in Sources */,
			);
			runOnlyForDeploymentPostprocessing = 0;
		};
/* End PBXSourcesBuildPhase section */

/* Begin PBXTargetDependency section */
		368AC2102C9AC49E005287A6 /* PBXTargetDependency */ = {
			isa = PBXTargetDependency;
			target = 368AC1FD2C9AC49B005287A6 /* RobCard-iOS */;
			targetProxy = 368AC20F2C9AC49E005287A6 /* PBXContainerItemProxy */;
		};
		368AC21A2C9AC49E005287A6 /* PBXTargetDependency */ = {
			isa = PBXTargetDependency;
			target = 368AC1FD2C9AC49B005287A6 /* RobCard-iOS */;
			targetProxy = 368AC2192C9AC49E005287A6 /* PBXContainerItemProxy */;
		};
/* End PBXTargetDependency section */

/* Begin XCBuildConfiguration section */
		368AC2202C9AC49E005287A6 /* Debug */ = {
			isa = XCBuildConfiguration;
			buildSettings = {
				ALWAYS_SEARCH_USER_PATHS = NO;
				ASSETCATALOG_COMPILER_GENERATE_SWIFT_ASSET_SYMBOL_EXTENSIONS = YES;
				CLANG_ANALYZER_NONNULL = YES;
				CLANG_ANALYZER_NUMBER_OBJECT_CONVERSION = YES_AGGRESSIVE;
				CLANG_CXX_LANGUAGE_STANDARD = "gnu++20";
				CLANG_ENABLE_MODULES = YES;
				CLANG_ENABLE_OBJC_ARC = YES;
				CLANG_ENABLE_OBJC_WEAK = YES;
				CLANG_WARN_BLOCK_CAPTURE_AUTORELEASING = YES;
				CLANG_WARN_BOOL_CONVERSION = YES;
				CLANG_WARN_COMMA = YES;
				CLANG_WARN_CONSTANT_CONVERSION = YES;
				CLANG_WARN_DEPRECATED_OBJC_IMPLEMENTATIONS = YES;
				CLANG_WARN_DIRECT_OBJC_ISA_USAGE = YES_ERROR;
				CLANG_WARN_DOCUMENTATION_COMMENTS = YES;
				CLANG_WARN_EMPTY_BODY = YES;
				CLANG_WARN_ENUM_CONVERSION = YES;
				CLANG_WARN_INFINITE_RECURSION = YES;
				CLANG_WARN_INT_CONVERSION = YES;
				CLANG_WARN_NON_LITERAL_NULL_CONVERSION = YES;
				CLANG_WARN_OBJC_IMPLICIT_RETAIN_SELF = YES;
				CLANG_WARN_OBJC_LITERAL_CONVERSION = YES;
				CLANG_WARN_OBJC_ROOT_CLASS = YES_ERROR;
				CLANG_WARN_QUOTED_INCLUDE_IN_FRAMEWORK_HEADER = YES;
				CLANG_WARN_RANGE_LOOP_ANALYSIS = YES;
				CLANG_WARN_STRICT_PROTOTYPES = YES;
				CLANG_WARN_SUSPICIOUS_MOVE = YES;
				CLANG_WARN_UNGUARDED_AVAILABILITY = YES_AGGRESSIVE;
				CLANG_WARN_UNREACHABLE_CODE = YES;
				CLANG_WARN__DUPLICATE_METHOD_MATCH = YES;
				COPY_PHASE_STRIP = NO;
				DEBUG_INFORMATION_FORMAT = dwarf;
				ENABLE_STRICT_OBJC_MSGSEND = YES;
				ENABLE_TESTABILITY = YES;
				ENABLE_USER_SCRIPT_SANDBOXING = YES;
				GCC_C_LANGUAGE_STANDARD = gnu17;
				GCC_DYNAMIC_NO_PIC = NO;
				GCC_NO_COMMON_BLOCKS = YES;
				GCC_OPTIMIZATION_LEVEL = 0;
				GCC_PREPROCESSOR_DEFINITIONS = (
					"DEBUG=1",
					"$(inherited)",
				);
				GCC_WARN_64_TO_32_BIT_CONVERSION = YES;
				GCC_WARN_ABOUT_RETURN_TYPE = YES_ERROR;
				GCC_WARN_UNDECLARED_SELECTOR = YES;
				GCC_WARN_UNINITIALIZED_AUTOS = YES_AGGRESSIVE;
				GCC_WARN_UNUSED_FUNCTION = YES;
				GCC_WARN_UNUSED_VARIABLE = YES;
				IPHONEOS_DEPLOYMENT_TARGET = 17.5;
				LOCALIZATION_PREFERS_STRING_CATALOGS = YES;
				MTL_ENABLE_DEBUG_INFO = INCLUDE_SOURCE;
				MTL_FAST_MATH = YES;
				ONLY_ACTIVE_ARCH = YES;
				SDKROOT = iphoneos;
				SWIFT_ACTIVE_COMPILATION_CONDITIONS = "DEBUG $(inherited)";
				SWIFT_OPTIMIZATION_LEVEL = "-Onone";
			};
			name = Debug;
		};
		368AC2212C9AC49E005287A6 /* Release */ = {
			isa = XCBuildConfiguration;
			buildSettings = {
				ALWAYS_SEARCH_USER_PATHS = NO;
				ASSETCATALOG_COMPILER_GENERATE_SWIFT_ASSET_SYMBOL_EXTENSIONS = YES;
				CLANG_ANALYZER_NONNULL = YES;
				CLANG_ANALYZER_NUMBER_OBJECT_CONVERSION = YES_AGGRESSIVE;
				CLANG_CXX_LANGUAGE_STANDARD = "gnu++20";
				CLANG_ENABLE_MODULES = YES;
				CLANG_ENABLE_OBJC_ARC = YES;
				CLANG_ENABLE_OBJC_WEAK = YES;
				CLANG_WARN_BLOCK_CAPTURE_AUTORELEASING = YES;
				CLANG_WARN_BOOL_CONVERSION = YES;
				CLANG_WARN_COMMA = YES;
				CLANG_WARN_CONSTANT_CONVERSION = YES;
				CLANG_WARN_DEPRECATED_OBJC_IMPLEMENTATIONS = YES;
				CLANG_WARN_DIRECT_OBJC_ISA_USAGE = YES_ERROR;
				CLANG_WARN_DOCUMENTATION_COMMENTS = YES;
				CLANG_WARN_EMPTY_BODY = YES;
				CLANG_WARN_ENUM_CONVERSION = YES;
				CLANG_WARN_INFINITE_RECURSION = YES;
				CLANG_WARN_INT_CONVERSION = YES;
				CLANG_WARN_NON_LITERAL_NULL_CONVERSION = YES;
				CLANG_WARN_OBJC_IMPLICIT_RETAIN_SELF = YES;
				CLANG_WARN_OBJC_LITERAL_CONVERSION = YES;
				CLANG_WARN_OBJC_ROOT_CLASS = YES_ERROR;
				CLANG_WARN_QUOTED_INCLUDE_IN_FRAMEWORK_HEADER = YES;
				CLANG_WARN_RANGE_LOOP_ANALYSIS = YES;
				CLANG_WARN_STRICT_PROTOTYPES = YES;
				CLANG_WARN_SUSPICIOUS_MOVE = YES;
				CLANG_WARN_UNGUARDED_AVAILABILITY = YES_AGGRESSIVE;
				CLANG_WARN_UNREACHABLE_CODE = YES;
				CLANG_WARN__DUPLICATE_METHOD_MATCH = YES;
				COPY_PHASE_STRIP = NO;
				DEBUG_INFORMATION_FORMAT = "dwarf-with-dsym";
				ENABLE_NS_ASSERTIONS = NO;
				ENABLE_STRICT_OBJC_MSGSEND = YES;
				ENABLE_USER_SCRIPT_SANDBOXING = YES;
				GCC_C_LANGUAGE_STANDARD = gnu17;
				GCC_NO_COMMON_BLOCKS = YES;
				GCC_WARN_64_TO_32_BIT_CONVERSION = YES;
				GCC_WARN_ABOUT_RETURN_TYPE = YES_ERROR;
				GCC_WARN_UNDECLARED_SELECTOR = YES;
				GCC_WARN_UNINITIALIZED_AUTOS = YES_AGGRESSIVE;
				GCC_WARN_UNUSED_FUNCTION = YES;
				GCC_WARN_UNUSED_VARIABLE = YES;
				IPHONEOS_DEPLOYMENT_TARGET = 17.5;
				LOCALIZATION_PREFERS_STRING_CATALOGS = YES;
				MTL_ENABLE_DEBUG_INFO = NO;
				MTL_FAST_MATH = YES;
				SDKROOT = iphoneos;
				SWIFT_COMPILATION_MODE = wholemodule;
				VALIDATE_PRODUCT = YES;
			};
			name = Release;
		};
		368AC2232C9AC49E005287A6 /* Debug */ = {
			isa = XCBuildConfiguration;
			buildSettings = {
				ASSETCATALOG_COMPILER_APPICON_NAME = AppIcon;
				ASSETCATALOG_COMPILER_GLOBAL_ACCENT_COLOR_NAME = AccentColor;
				CODE_SIGN_STYLE = Automatic;
				CURRENT_PROJECT_VERSION = 1;
				DEVELOPMENT_ASSET_PATHS = "\"RobCard-iOS/Preview Content\"";
				DEVELOPMENT_TEAM = R5AYLB8W95;
				ENABLE_PREVIEWS = YES;
				GENERATE_INFOPLIST_FILE = YES;
				INFOPLIST_FILE = "RobCard-iOS/Info.plist";
				INFOPLIST_KEY_UIApplicationSupportsIndirectInputEvents = YES;
				INFOPLIST_KEY_UILaunchScreen_Generation = YES;
				INFOPLIST_KEY_UISupportedInterfaceOrientations_iPad = "UIInterfaceOrientationPortrait UIInterfaceOrientationPortraitUpsideDown UIInterfaceOrientationLandscapeLeft UIInterfaceOrientationLandscapeRight";
				INFOPLIST_KEY_UISupportedInterfaceOrientations_iPhone = "UIInterfaceOrientationPortrait UIInterfaceOrientationLandscapeLeft UIInterfaceOrientationLandscapeRight";
				LD_RUNPATH_SEARCH_PATHS = (
					"$(inherited)",
					"@executable_path/Frameworks",
				);
				MARKETING_VERSION = 1.0;
				PRODUCT_BUNDLE_IDENTIFIER = "com.robharting.RobCard-iOS";
				PRODUCT_NAME = "$(TARGET_NAME)";
				SWIFT_EMIT_LOC_STRINGS = YES;
				SWIFT_VERSION = 5.0;
				TARGETED_DEVICE_FAMILY = "1,2";
			};
			name = Debug;
		};
		368AC2242C9AC49E005287A6 /* Release */ = {
			isa = XCBuildConfiguration;
			buildSettings = {
				ASSETCATALOG_COMPILER_APPICON_NAME = AppIcon;
				ASSETCATALOG_COMPILER_GLOBAL_ACCENT_COLOR_NAME = AccentColor;
				CODE_SIGN_STYLE = Automatic;
				CURRENT_PROJECT_VERSION = 1;
				DEVELOPMENT_ASSET_PATHS = "\"RobCard-iOS/Preview Content\"";
				DEVELOPMENT_TEAM = R5AYLB8W95;
				ENABLE_PREVIEWS = YES;
				GENERATE_INFOPLIST_FILE = YES;
				INFOPLIST_FILE = "RobCard-iOS/Info.plist";
				INFOPLIST_KEY_UIApplicationSupportsIndirectInputEvents = YES;
				INFOPLIST_KEY_UILaunchScreen_Generation = YES;
				INFOPLIST_KEY_UISupportedInterfaceOrientations_iPad = "UIInterfaceOrientationPortrait UIInterfaceOrientationPortraitUpsideDown UIInterfaceOrientationLandscapeLeft UIInterfaceOrientationLandscapeRight";
				INFOPLIST_KEY_UISupportedInterfaceOrientations_iPhone = "UIInterfaceOrientationPortrait UIInterfaceOrientationLandscapeLeft UIInterfaceOrientationLandscapeRight";
				LD_RUNPATH_SEARCH_PATHS = (
					"$(inherited)",
					"@executable_path/Frameworks",
				);
				MARKETING_VERSION = 1.0;
				PRODUCT_BUNDLE_IDENTIFIER = "com.robharting.RobCard-iOS";
				PRODUCT_NAME = "$(TARGET_NAME)";
				SWIFT_EMIT_LOC_STRINGS = YES;
				SWIFT_VERSION = 5.0;
				TARGETED_DEVICE_FAMILY = "1,2";
			};
			name = Release;
		};
		368AC2262C9AC49E005287A6 /* Debug */ = {
			isa = XCBuildConfiguration;
			buildSettings = {
				ALWAYS_EMBED_SWIFT_STANDARD_LIBRARIES = YES;
				BUNDLE_LOADER = "$(TEST_HOST)";
				CODE_SIGN_STYLE = Automatic;
				CURRENT_PROJECT_VERSION = 1;
				DEVELOPMENT_TEAM = 6UD82GG2F4;
				GENERATE_INFOPLIST_FILE = YES;
				IPHONEOS_DEPLOYMENT_TARGET = 17.5;
				MARKETING_VERSION = 1.0;
				PRODUCT_BUNDLE_IDENTIFIER = "com.robharting.RobCard-iOSTests";
				PRODUCT_NAME = "$(TARGET_NAME)";
				SWIFT_EMIT_LOC_STRINGS = NO;
				SWIFT_VERSION = 5.0;
				TARGETED_DEVICE_FAMILY = "1,2";
				TEST_HOST = "$(BUILT_PRODUCTS_DIR)/RobCard-iOS.app/$(BUNDLE_EXECUTABLE_FOLDER_PATH)/RobCard-iOS";
			};
			name = Debug;
		};
		368AC2272C9AC49E005287A6 /* Release */ = {
			isa = XCBuildConfiguration;
			buildSettings = {
				ALWAYS_EMBED_SWIFT_STANDARD_LIBRARIES = YES;
				BUNDLE_LOADER = "$(TEST_HOST)";
				CODE_SIGN_STYLE = Automatic;
				CURRENT_PROJECT_VERSION = 1;
				DEVELOPMENT_TEAM = 6UD82GG2F4;
				GENERATE_INFOPLIST_FILE = YES;
				IPHONEOS_DEPLOYMENT_TARGET = 17.5;
				MARKETING_VERSION = 1.0;
				PRODUCT_BUNDLE_IDENTIFIER = "com.robharting.RobCard-iOSTests";
				PRODUCT_NAME = "$(TARGET_NAME)";
				SWIFT_EMIT_LOC_STRINGS = NO;
				SWIFT_VERSION = 5.0;
				TARGETED_DEVICE_FAMILY = "1,2";
				TEST_HOST = "$(BUILT_PRODUCTS_DIR)/RobCard-iOS.app/$(BUNDLE_EXECUTABLE_FOLDER_PATH)/RobCard-iOS";
			};
			name = Release;
		};
		368AC2292C9AC49E005287A6 /* Debug */ = {
			isa = XCBuildConfiguration;
			buildSettings = {
				ALWAYS_EMBED_SWIFT_STANDARD_LIBRARIES = YES;
				CODE_SIGN_STYLE = Automatic;
				CURRENT_PROJECT_VERSION = 1;
				DEVELOPMENT_TEAM = 6UD82GG2F4;
				GENERATE_INFOPLIST_FILE = YES;
				MARKETING_VERSION = 1.0;
				PRODUCT_BUNDLE_IDENTIFIER = "com.robharting.RobCard-iOSUITests";
				PRODUCT_NAME = "$(TARGET_NAME)";
				SWIFT_EMIT_LOC_STRINGS = NO;
				SWIFT_VERSION = 5.0;
				TARGETED_DEVICE_FAMILY = "1,2";
				TEST_TARGET_NAME = "RobCard-iOS";
			};
			name = Debug;
		};
		368AC22A2C9AC49E005287A6 /* Release */ = {
			isa = XCBuildConfiguration;
			buildSettings = {
				ALWAYS_EMBED_SWIFT_STANDARD_LIBRARIES = YES;
				CODE_SIGN_STYLE = Automatic;
				CURRENT_PROJECT_VERSION = 1;
				DEVELOPMENT_TEAM = 6UD82GG2F4;
				GENERATE_INFOPLIST_FILE = YES;
				MARKETING_VERSION = 1.0;
				PRODUCT_BUNDLE_IDENTIFIER = "com.robharting.RobCard-iOSUITests";
				PRODUCT_NAME = "$(TARGET_NAME)";
				SWIFT_EMIT_LOC_STRINGS = NO;
				SWIFT_VERSION = 5.0;
				TARGETED_DEVICE_FAMILY = "1,2";
				TEST_TARGET_NAME = "RobCard-iOS";
			};
			name = Release;
		};
/* End XCBuildConfiguration section */

/* Begin XCConfigurationList section */
		368AC1F92C9AC49B005287A6 /* Build configuration list for PBXProject "RobCard-iOS" */ = {
			isa = XCConfigurationList;
			buildConfigurations = (
				368AC2202C9AC49E005287A6 /* Debug */,
				368AC2212C9AC49E005287A6 /* Release */,
			);
			defaultConfigurationIsVisible = 0;
			defaultConfigurationName = Release;
		};
		368AC2222C9AC49E005287A6 /* Build configuration list for PBXNativeTarget "RobCard-iOS" */ = {
			isa = XCConfigurationList;
			buildConfigurations = (
				368AC2232C9AC49E005287A6 /* Debug */,
				368AC2242C9AC49E005287A6 /* Release */,
			);
			defaultConfigurationIsVisible = 0;
			defaultConfigurationName = Release;
		};
		368AC2252C9AC49E005287A6 /* Build configuration list for PBXNativeTarget "RobCard-iOSTests" */ = {
			isa = XCConfigurationList;
			buildConfigurations = (
				368AC2262C9AC49E005287A6 /* Debug */,
				368AC2272C9AC49E005287A6 /* Release */,
			);
			defaultConfigurationIsVisible = 0;
			defaultConfigurationName = Release;
		};
		368AC2282C9AC49E005287A6 /* Build configuration list for PBXNativeTarget "RobCard-iOSUITests" */ = {
			isa = XCConfigurationList;
			buildConfigurations = (
				368AC2292C9AC49E005287A6 /* Debug */,
				368AC22A2C9AC49E005287A6 /* Release */,
			);
			defaultConfigurationIsVisible = 0;
			defaultConfigurationName = Release;
		};
/* End XCConfigurationList section */
	};
	rootObject = 368AC1F62C9AC49B005287A6 /* Project object */;
}
